lockfileVersion: '9.0'

settings:
  autoInstallPeers: true
  excludeLinksFromLockfile: false

importers:

  .:
    devDependencies:
      prettier:
        specifier: ^3.8.0
        version: 3.8.0
      vscode-java-setup-scripts:
        specifier: github:fp024/vscode-java-setup-scripts#v0.1.0
        version: https://codeload.github.com/fp024/vscode-java-setup-scripts/tar.gz/e4ef9235e850d3c46fa14414582ff38d2410654a

packages:

  array-timsort@1.0.3:
    resolution: {integrity: sha512-/+3GRL7dDAGEfM6TseQk/U+mi18TU2Ms9I3UlLdUMhz2hbvGNTKdj9xniwXfUqgYhHxRx0+8UnKkvlNwVU+cWQ==}

  comment-json@4.5.1:
    resolution: {integrity: sha512-taEtr3ozUmOB7it68Jll7s0Pwm+aoiHyXKrEC8SEodL4rNpdfDLqa7PfBlrgFoCNNdR8ImL+muti5IGvktJAAg==}
    engines: {node: '>= 6'}

  core-util-is@1.0.3:
    resolution: {integrity: sha512-ZQBvi1DcpJ4GDqanjucZ2Hj3wEO5pZDS89BWbkcrvdxksJorwUDDZamX9ldFkp9aw2lmBDLgkObEA4DWNJ9FYQ==}

  esprima@4.0.1:
    resolution: {integrity: sha512-eGuFFw7Upda+g4p+QHvnW0RyTX/SVeJBDM/gCtMARO0cLuT2HcEKnTPvhjV6aGeqrCB/sbNop0Kszm0jsaWU4A==}
    engines: {node: '>=4'}
    hasBin: true

  prettier@3.8.0:
    resolution: {integrity: sha512-yEPsovQfpxYfgWNhCfECjG5AQaO+K3dp6XERmOepyPDVqcJm+bjyCVO3pmU+nAPe0N5dDvekfGezt/EIiRe1TA==}
    engines: {node: '>=14'}
    hasBin: true

  vscode-java-setup-scripts@https://codeload.github.com/fp024/vscode-java-setup-scripts/tar.gz/e4ef9235e850d3c46fa14414582ff38d2410654a:
    resolution: {tarball: https://codeload.github.com/fp024/vscode-java-setup-scripts/tar.gz/e4ef9235e850d3c46fa14414582ff38d2410654a}
    version: 0.1.0
    engines: {node: '>=22.17.0'}
    hasBin: true

snapshots:

  array-timsort@1.0.3: {}

  comment-json@4.5.1:
    dependencies:
      array-timsort: 1.0.3
      core-util-is: 1.0.3
      esprima: 4.0.1

  core-util-is@1.0.3: {}

  esprima@4.0.1: {}

  prettier@3.8.0: {}

  vscode-java-setup-scripts@https://codeload.github.com/fp024/vscode-java-setup-scripts/tar.gz/e4ef9235e850d3c46fa14414582ff38d2410654a:
    dependencies:
      comment-json: 4.5.1
