lockfileVersion: '9.0'

settings:
  autoInstallPeers: true
  excludeLinksFromLockfile: false

importers:

  .:
    devDependencies:
      prettier:
        specifier: ^3.9.6
        version: 3.9.6
      vscode-java-setup-scripts:
        specifier: github:fp024/vscode-java-setup-scripts#v0.1.0
        version: https://codeload.github.com/fp024/vscode-java-setup-scripts/tar.gz/0c560e2025ea875b0f14986c12fc660c31c93745

packages:

  array-timsort@1.0.3:
    resolution: {integrity: sha512-/+3GRL7dDAGEfM6TseQk/U+mi18TU2Ms9I3UlLdUMhz2hbvGNTKdj9xniwXfUqgYhHxRx0+8UnKkvlNwVU+cWQ==}

  comment-json@5.0.0:
    resolution: {integrity: sha512-uiqLcOiVDJtBP8WGkZHEP+FZIhTzP1dxvn59EfoYUi9gqupjrBWVQkO2atDrbnKPwLeotFYDsuNb26uBMqB+hw==}
    engines: {node: '>= 6'}

  esprima@4.0.1:
    resolution: {integrity: sha512-eGuFFw7Upda+g4p+QHvnW0RyTX/SVeJBDM/gCtMARO0cLuT2HcEKnTPvhjV6aGeqrCB/sbNop0Kszm0jsaWU4A==}
    engines: {node: '>=4'}
    hasBin: true

  prettier@3.9.6:
    resolution: {integrity: sha512-OpN0zzVdiaiAhxpuuj5efpIS4sY9j7bY6uR5mnj5yPzGkdkjNKSJeUThPb60Jw29QuAZgA4o+/iB49kFiaBX6g==}
    engines: {node: '>=14'}
    hasBin: true

  vscode-java-setup-scripts@https://codeload.github.com/fp024/vscode-java-setup-scripts/tar.gz/0c560e2025ea875b0f14986c12fc660c31c93745:
    resolution: {gitHosted: true, tarball: https://codeload.github.com/fp024/vscode-java-setup-scripts/tar.gz/0c560e2025ea875b0f14986c12fc660c31c93745}
    version: 0.1.0
    engines: {node: '>=22.0.0'}
    hasBin: true

snapshots:

  array-timsort@1.0.3: {}

  comment-json@5.0.0:
    dependencies:
      array-timsort: 1.0.3
      esprima: 4.0.1

  esprima@4.0.1: {}

  prettier@3.9.6: {}

  vscode-java-setup-scripts@https://codeload.github.com/fp024/vscode-java-setup-scripts/tar.gz/0c560e2025ea875b0f14986c12fc660c31c93745:
    dependencies:
      comment-json: 5.0.0
